
Microsoft Visual Studio Solution File, Format Version 12.00
# Visual Studio 2012
Project("{FAE04EC0-301F-11D3-BF4B-00C04F79EFBC}") = "Sieve", "Sieve\Sieve.csproj", "{8B000EDA-B57A-4B2A-B0F2-6C86B0755986}"
EndProject
Project("{FAE04EC0-301F-11D3-BF4B-00C04F79EFBC}") = "SieveTests", "SieveTests\SieveTests.csproj", "{B013736B-34BF-4DE9-9641-DE9B22C9E386}"
EndProject
Global
	GlobalSection(SolutionConfigurationPlatforms) = preSolution
		Debug|Any CPU = Debug|Any CPU
		Release|Any CPU = Release|Any CPU
	EndGlobalSection
	GlobalSection(ProjectConfigurationPlatforms) = postSolution
		{8B000EDA-B57A-4B2A-B0F2-6C86B0755986}.Debug|Any CPU.ActiveCfg = Debug|Any CPU
		{8B000EDA-B57A-4B2A-B0F2-6C86B0755986}.Debug|Any CPU.Build.0 = Debug|Any CPU
		{8B000EDA-B57A-4B2A-B0F2-6C86B0755986}.Release|Any CPU.ActiveCfg = Release|Any CPU
		{8B000EDA-B57A-4B2A-B0F2-6C86B0755986}.Release|Any CPU.Build.0 = Release|Any CPU
		{B013736B-34BF-4DE9-9641-DE9B22C9E386}.Debug|Any CPU.ActiveCfg = Debug|Any CPU
		{B013736B-34BF-4DE9-9641-DE9B22C9E386}.Debug|Any CPU.Build.0 = Debug|Any CPU
		{B013736B-34BF-4DE9-9641-DE9B22C9E386}.Release|Any CPU.ActiveCfg = Release|Any CPU
		{B013736B-34BF-4DE9-9641-DE9B22C9E386}.Release|Any CPU.Build.0 = Release|Any CPU
	EndGlobalSection
	GlobalSection(SolutionProperties) = preSolution
		HideSolutionNode = FALSE
	EndGlobalSection
EndGlobal
